
Microsoft Visual Studio Solution File, Format Version 12.00
# Visual Studio Version 17
VisualStudioVersion = 17.2.32616.157
MinimumVisualStudioVersion = 10.0.40219.1
Project("{9A19103F-16F7-4668-BE54-9A1E7A4F7556}") = "GestaoOcorrencias.Api", "GestaoOcorrencias.Api\GestaoOcorrencias.Api.csproj", "{E495D1BB-46F8-4CD3-95A3-D407378AAD79}"
EndProject
Project("{9A19103F-16F7-4668-BE54-9A1E7A4F7556}") = "GestaoOcorrencias.Domain", "GestaoOcorrencias.Domain\GestaoOcorrencias.Domain.csproj", "{2935279A-7290-4A34-BAD8-2BFCFCDC6361}"
EndProject
Project("{9A19103F-16F7-4668-BE54-9A1E7A4F7556}") = "GestaoOcorrencias.Infrastructure", "GestaoOcorrencias.Infrastructure\GestaoOcorrencias.Infrastructure.csproj", "{F977E615-0F80-4C4F-B681-FE31B3C77629}"
EndProject
Project("{9A19103F-16F7-4668-BE54-9A1E7A4F7556}") = "GestaoOcorrencias.Services", "GestaoOcorrencias.Services\GestaoOcorrencias.Services.csproj", "{7F72CD9E-0996-48D6-AE7B-03EEDC0DCDCD}"
EndProject
Project("{9A19103F-16F7-4668-BE54-9A1E7A4F7556}") = "GestaoOcorrencias.Web", "GestaoOcorrencias.Web\GestaoOcorrencias.Web.csproj", "{C28907F3-88B6-4AF7-95BF-96795B79B8D2}"
EndProject
Global
	GlobalSection(SolutionConfigurationPlatforms) = preSolution
		Debug|Any CPU = Debug|Any CPU
		Release|Any CPU = Release|Any CPU
	EndGlobalSection
	GlobalSection(ProjectConfigurationPlatforms) = postSolution
		{E495D1BB-46F8-4CD3-95A3-D407378AAD79}.Debug|Any CPU.ActiveCfg = Debug|Any CPU
		{E495D1BB-46F8-4CD3-95A3-D407378AAD79}.Debug|Any CPU.Build.0 = Debug|Any CPU
		{E495D1BB-46F8-4CD3-95A3-D407378AAD79}.Release|Any CPU.ActiveCfg = Release|Any CPU
		{E495D1BB-46F8-4CD3-95A3-D407378AAD79}.Release|Any CPU.Build.0 = Release|Any CPU
		{2935279A-7290-4A34-BAD8-2BFCFCDC6361}.Debug|Any CPU.ActiveCfg = Debug|Any CPU
		{2935279A-7290-4A34-BAD8-2BFCFCDC6361}.Debug|Any CPU.Build.0 = Debug|Any CPU
		{2935279A-7290-4A34-BAD8-2BFCFCDC6361}.Release|Any CPU.ActiveCfg = Release|Any CPU
		{2935279A-7290-4A34-BAD8-2BFCFCDC6361}.Release|Any CPU.Build.0 = Release|Any CPU
		{F977E615-0F80-4C4F-B681-FE31B3C77629}.Debug|Any CPU.ActiveCfg = Debug|Any CPU
		{F977E615-0F80-4C4F-B681-FE31B3C77629}.Debug|Any CPU.Build.0 = Debug|Any CPU
		{F977E615-0F80-4C4F-B681-FE31B3C77629}.Release|Any CPU.ActiveCfg = Release|Any CPU
		{F977E615-0F80-4C4F-B681-FE31B3C77629}.Release|Any CPU.Build.0 = Release|Any CPU
		{7F72CD9E-0996-48D6-AE7B-03EEDC0DCDCD}.Debug|Any CPU.ActiveCfg = Debug|Any CPU
		{7F72CD9E-0996-48D6-AE7B-03EEDC0DCDCD}.Debug|Any CPU.Build.0 = Debug|Any CPU
		{7F72CD9E-0996-48D6-AE7B-03EEDC0DCDCD}.Release|Any CPU.ActiveCfg = Release|Any CPU
		{7F72CD9E-0996-48D6-AE7B-03EEDC0DCDCD}.Release|Any CPU.Build.0 = Release|Any CPU
		{C28907F3-88B6-4AF7-95BF-96795B79B8D2}.Debug|Any CPU.ActiveCfg = Debug|Any CPU
		{C28907F3-88B6-4AF7-95BF-96795B79B8D2}.Debug|Any CPU.Build.0 = Debug|Any CPU
		{C28907F3-88B6-4AF7-95BF-96795B79B8D2}.Release|Any CPU.ActiveCfg = Release|Any CPU
		{C28907F3-88B6-4AF7-95BF-96795B79B8D2}.Release|Any CPU.Build.0 = Release|Any CPU
	EndGlobalSection
	GlobalSection(SolutionProperties) = preSolution
		HideSolutionNode = FALSE
	EndGlobalSection
	GlobalSection(ExtensibilityGlobals) = postSolution
		SolutionGuid = {3A90DDDE-092B-4352-85DB-D46969DE731A}
	EndGlobalSection
EndGlobal
